
Microsoft Visual Studio Solution File, Format Version 12.00
# Visual Studio Version 17
VisualStudioVersion = 17.12.35527.113 d17.12
MinimumVisualStudioVersion = 10.0.40219.1
Project("{FAE04EC0-301F-11D3-BF4B-00C04F79EFBC}") = "RenPyVisualScriptMVVM", "RenPyVisualScriptMVVM\RenPyVisualScriptMVVM.csproj", "{61265E8E-1381-4723-9D62-B0C93AD3EEDE}"
EndProject
Global
	GlobalSection(SolutionConfigurationPlatforms) = preSolution
		Debug|Any CPU = Debug|Any CPU
		Release|Any CPU = Release|Any CPU
	EndGlobalSection
	GlobalSection(ProjectConfigurationPlatforms) = postSolution
		{61265E8E-1381-4723-9D62-B0C93AD3EEDE}.Debug|Any CPU.ActiveCfg = Debug|Any CPU
		{61265E8E-1381-4723-9D62-B0C93AD3EEDE}.Debug|Any CPU.Build.0 = Debug|Any CPU
		{61265E8E-1381-4723-9D62-B0C93AD3EEDE}.Release|Any CPU.ActiveCfg = Release|Any CPU
		{61265E8E-1381-4723-9D62-B0C93AD3EEDE}.Release|Any CPU.Build.0 = Release|Any CPU
	EndGlobalSection
	GlobalSection(SolutionProperties) = preSolution
		HideSolutionNode = FALSE
	EndGlobalSection
EndGlobal
